
Microsoft Visual Studio Solution File, Format Version 12.00
# Visual Studio 15
VisualStudioVersion = 15.0.26730.16
MinimumVisualStudioVersion = 10.0.40219.1
Project("{FAE04EC0-301F-11D3-BF4B-00C04F79EFBC}") = "ExtentionTest", "ExtentionTest\ExtentionTest.csproj", "{B772B5F7-9044-4E89-B084-E0F69BDFC230}"
EndProject
Global
	GlobalSection(SolutionConfigurationPlatforms) = preSolution
		Debug|Any CPU = Debug|Any CPU
		Release|Any CPU = Release|Any CPU
	EndGlobalSection
	GlobalSection(ProjectConfigurationPlatforms) = postSolution
		{B772B5F7-9044-4E89-B084-E0F69BDFC230}.Debug|Any CPU.ActiveCfg = Debug|Any CPU
		{B772B5F7-9044-4E89-B084-E0F69BDFC230}.Debug|Any CPU.Build.0 = Debug|Any CPU
		{B772B5F7-9044-4E89-B084-E0F69BDFC230}.Release|Any CPU.ActiveCfg = Release|Any CPU
		{B772B5F7-9044-4E89-B084-E0F69BDFC230}.Release|Any CPU.Build.0 = Release|Any CPU
	EndGlobalSection
	GlobalSection(SolutionProperties) = preSolution
		HideSolutionNode = FALSE
	EndGlobalSection
	GlobalSection(ExtensibilityGlobals) = postSolution
		SolutionGuid = {4D3E47CF-0E41-48E6-85BB-69B85B9320BA}
	EndGlobalSection
EndGlobal
